{
  "name": "kids-drawing-app",
  "version": "2.0.0",
  "lockfileVersion": 3,
  "requires": true,
  "packages": {
    "": {
      "name": "kids-drawing-app",
      "version": "2.0.0",
      "dependencies": {
        "@vitejs/plugin-react": "latest",
        "konva": "latest",
        "react": "latest",
        "react-dom": "latest",
        "react-konva": "latest"
      },
      "devDependencies": {
        "typescript": "latest",
        "vite": "latest"
      }
    }
  }
}
